// !$*UTF8*$!
{
	archiveVersion = 1;
	classes = {
	};
	objectVersion = 46;
	objects = {

/* Begin PBXBuildFile section */
		AEE734A614287E530080490A /* UIKit.framework in Frameworks */ = {isa = PBXBuildFile; fileRef = AEE734A514287E530080490A /* UIKit.framework */; };
		AEE734A814287E530080490A /* Foundation.framework in Frameworks */ = {isa = PBXBuildFile; fileRef = AEE734A714287E530080490A /* Foundation.framework */; };
		AEE734AA14287E530080490A /* CoreGraphics.framework in Frameworks */ = {isa = PBXBuildFile; fileRef = AEE734A914287E530080490A /* CoreGraphics.framework */; };
		AEE734B014287E530080490A /* InfoPlist.strings in Resources */ = {isa = PBXBuildFile; fileRef = AEE734AE14287E530080490A /* InfoPlist.strings */; };
		AEE734B214287E530080490A /* main.m in Sources */ = {isa = PBXBuildFile; fileRef = AEE734B114287E530080490A /* main.m */; };
		AEE734B614287E530080490A /* Macoun_AppDelegate.m in Sources */ = {isa = PBXBuildFile; fileRef = AEE734B514287E530080490A /* Macoun_AppDelegate.m */; };
		AEE734B914287E530080490A /* MainWindow.xib in Resources */ = {isa = PBXBuildFile; fileRef = AEE734B714287E530080490A /* MainWindow.xib */; };
		AEE734BC14287E530080490A /* RootViewController.m in Sources */ = {isa = PBXBuildFile; fileRef = AEE734BB14287E530080490A /* RootViewController.m */; };
		AEE734BF14287E530080490A /* RootViewController.xib in Resources */ = {isa = PBXBuildFile; fileRef = AEE734BD14287E530080490A /* RootViewController.xib */; };
		AEF340701431EC7E00C1370D /* Connection.m in Sources */ = {isa = PBXBuildFile; fileRef = AEF3406E1431EC7E00C1370D /* Connection.m */; };
/* End PBXBuildFile section */

/* Begin PBXFileReference section */
		AEE734A114287E530080490A /* Macoun Demo1.app */ = {isa = PBXFileReference; explicitFileType = wrapper.application; includeInIndex = 0; path = "Macoun Demo1.app"; sourceTree = BUILT_PRODUCTS_DIR; };
		AEE734A514287E530080490A /* UIKit.framework */ = {isa = PBXFileReference; lastKnownFileType = wrapper.framework; name = UIKit.framework; path = System/Library/Frameworks/UIKit.framework; sourceTree = SDKROOT; };
		AEE734A714287E530080490A /* Foundation.framework */ = {isa = PBXFileReference; lastKnownFileType = wrapper.framework; name = Foundation.framework; path = System/Library/Frameworks/Foundation.framework; sourceTree = SDKROOT; };
		AEE734A914287E530080490A /* CoreGraphics.framework */ = {isa = PBXFileReference; lastKnownFileType = wrapper.framework; name = CoreGraphics.framework; path = System/Library/Frameworks/CoreGraphics.framework; sourceTree = SDKROOT; };
		AEE734AD14287E530080490A /* Macoun Demo1-Info.plist */ = {isa = PBXFileReference; lastKnownFileType = text.plist.xml; path = "Macoun Demo1-Info.plist"; sourceTree = "<group>"; };
		AEE734AF14287E530080490A /* en */ = {isa = PBXFileReference; lastKnownFileType = text.plist.strings; name = en; path = en.lproj/InfoPlist.strings; sourceTree = "<group>"; };
		AEE734B114287E530080490A /* main.m */ = {isa = PBXFileReference; lastKnownFileType = sourcecode.c.objc; path = main.m; sourceTree = "<group>"; };
		AEE734B314287E530080490A /* Macoun Demo1-Prefix.pch */ = {isa = PBXFileReference; lastKnownFileType = sourcecode.c.h; path = "Macoun Demo1-Prefix.pch"; sourceTree = "<group>"; };
		AEE734B414287E530080490A /* Macoun_AppDelegate.h */ = {isa = PBXFileReference; lastKnownFileType = sourcecode.c.h; path = Macoun_AppDelegate.h; sourceTree = "<group>"; };
		AEE734B514287E530080490A /* Macoun_AppDelegate.m */ = {isa = PBXFileReference; lastKnownFileType = sourcecode.c.objc; path = Macoun_AppDelegate.m; sourceTree = "<group>"; };
		AEE734B814287E530080490A /* en */ = {isa = PBXFileReference; lastKnownFileType = file.xib; name = en; path = en.lproj/MainWindow.xib; sourceTree = "<group>"; };
		AEE734BA14287E530080490A /* RootViewController.h */ = {isa = PBXFileReference; lastKnownFileType = sourcecode.c.h; path = RootViewController.h; sourceTree = "<group>"; };
		AEE734BB14287E530080490A /* RootViewController.m */ = {isa = PBXFileReference; lastKnownFileType = sourcecode.c.objc; path = RootViewController.m; sourceTree = "<group>"; };
		AEE734BE14287E530080490A /* en */ = {isa = PBXFileReference; lastKnownFileType = file.xib; name = en; path = en.lproj/RootViewController.xib; sourceTree = "<group>"; };
		AEF3406D1431EC7E00C1370D /* Connection.h */ = {isa = PBXFileReference; fileEncoding = 4; lastKnownFileType = sourcecode.c.h; path = Connection.h; sourceTree = "<group>"; };
		AEF3406E1431EC7E00C1370D /* Connection.m */ = {isa = PBXFileReference; fileEncoding = 4; lastKnownFileType = sourcecode.c.objc; path = Connection.m; sourceTree = "<group>"; };
		AEF3406F1431EC7E00C1370D /* ConnectionDelegate.h */ = {isa = PBXFileReference; fileEncoding = 4; lastKnownFileType = sourcecode.c.h; path = ConnectionDelegate.h; sourceTree = "<group>"; };
/* End PBXFileReference section */

/* Begin PBXFrameworksBuildPhase section */
		AEE7349E14287E530080490A /* Frameworks */ = {
			isa = PBXFrameworksBuildPhase;
			buildActionMask = 2147483647;
			files = (
				AEE734A614287E530080490A /* UIKit.framework in Frameworks */,
				AEE734A814287E530080490A /* Foundation.framework in Frameworks */,
				AEE734AA14287E530080490A /* CoreGraphics.framework in Frameworks */,
			);
			runOnlyForDeploymentPostprocessing = 0;
		};
/* End PBXFrameworksBuildPhase section */

/* Begin PBXGroup section */
		AEE7349614287E520080490A = {
			isa = PBXGroup;
			children = (
				AEE734AB14287E530080490A /* Macoun Demo1 */,
				AEE734A414287E530080490A /* Frameworks */,
				AEE734A214287E530080490A /* Products */,
			);
			sourceTree = "<group>";
		};
		AEE734A214287E530080490A /* Products */ = {
			isa = PBXGroup;
			children = (
				AEE734A114287E530080490A /* Macoun Demo1.app */,
			);
			name = Products;
			sourceTree = "<group>";
		};
		AEE734A414287E530080490A /* Frameworks */ = {
			isa = PBXGroup;
			children = (
				AEE734A514287E530080490A /* UIKit.framework */,
				AEE734A714287E530080490A /* Foundation.framework */,
				AEE734A914287E530080490A /* CoreGraphics.framework */,
			);
			name = Frameworks;
			sourceTree = "<group>";
		};
		AEE734AB14287E530080490A /* Macoun Demo1 */ = {
			isa = PBXGroup;
			children = (
				AEF3406D1431EC7E00C1370D /* Connection.h */,
				AEF3406E1431EC7E00C1370D /* Connection.m */,
				AEF3406F1431EC7E00C1370D /* ConnectionDelegate.h */,
				AEE734B414287E530080490A /* Macoun_AppDelegate.h */,
				AEE734B514287E530080490A /* Macoun_AppDelegate.m */,
				AEE734B714287E530080490A /* MainWindow.xib */,
				AEE734BA14287E530080490A /* RootViewController.h */,
				AEE734BB14287E530080490A /* RootViewController.m */,
				AEE734BD14287E530080490A /* RootViewController.xib */,
				AEE734AC14287E530080490A /* Supporting Files */,
			);
			path = "Macoun Demo1";
			sourceTree = "<group>";
		};
		AEE734AC14287E530080490A /* Supporting Files */ = {
			isa = PBXGroup;
			children = (
				AEE734AD14287E530080490A /* Macoun Demo1-Info.plist */,
				AEE734AE14287E530080490A /* InfoPlist.strings */,
				AEE734B114287E530080490A /* main.m */,
				AEE734B314287E530080490A /* Macoun Demo1-Prefix.pch */,
			);
			name = "Supporting Files";
			sourceTree = "<group>";
		};
/* End PBXGroup section */

/* Begin PBXNativeTarget section */
		AEE734A014287E530080490A /* Macoun Demo1 */ = {
			isa = PBXNativeTarget;
			buildConfigurationList = AEE734C214287E530080490A /* Build configuration list for PBXNativeTarget "Macoun Demo1" */;
			buildPhases = (
				AEE7349D14287E530080490A /* Sources */,
				AEE7349E14287E530080490A /* Frameworks */,
				AEE7349F14287E530080490A /* Resources */,
			);
			buildRules = (
			);
			dependencies = (
			);
			name = "Macoun Demo1";
			productName = "Macoun Gurke 1";
			productReference = AEE734A114287E530080490A /* Macoun Demo1.app */;
			productType = "com.apple.product-type.application";
		};
/* End PBXNativeTarget section */

/* Begin PBXProject section */
		AEE7349814287E520080490A /* Project object */ = {
			isa = PBXProject;
			buildConfigurationList = AEE7349B14287E520080490A /* Build configuration list for PBXProject "Macoun Demo1" */;
			compatibilityVersion = "Xcode 3.2";
			developmentRegion = English;
			hasScannedForEncodings = 0;
			knownRegions = (
				en,
			);
			mainGroup = AEE7349614287E520080490A;
			productRefGroup = AEE734A214287E530080490A /* Products */;
			projectDirPath = "";
			projectRoot = "";
			targets = (
				AEE734A014287E530080490A /* Macoun Demo1 */,
			);
		};
/* End PBXProject section */

/* Begin PBXResourcesBuildPhase section */
		AEE7349F14287E530080490A /* Resources */ = {
			isa = PBXResourcesBuildPhase;
			buildActionMask = 2147483647;
			files = (
				AEE734B014287E530080490A /* InfoPlist.strings in Resources */,
				AEE734B914287E530080490A /* MainWindow.xib in Resources */,
				AEE734BF14287E530080490A /* RootViewController.xib in Resources */,
			);
			runOnlyForDeploymentPostprocessing = 0;
		};
/* End PBXResourcesBuildPhase section */

/* Begin PBXSourcesBuildPhase section */
		AEE7349D14287E530080490A /* Sources */ = {
			isa = PBXSourcesBuildPhase;
			buildActionMask = 2147483647;
			files = (
				AEE734B214287E530080490A /* main.m in Sources */,
				AEE734B614287E530080490A /* Macoun_AppDelegate.m in Sources */,
				AEE734BC14287E530080490A /* RootViewController.m in Sources */,
				AEF340701431EC7E00C1370D /* Connection.m in Sources */,
			);
			runOnlyForDeploymentPostprocessing = 0;
		};
/* End PBXSourcesBuildPhase section */

/* Begin PBXVariantGroup section */
		AEE734AE14287E530080490A /* InfoPlist.strings */ = {
			isa = PBXVariantGroup;
			children = (
				AEE734AF14287E530080490A /* en */,
			);
			name = InfoPlist.strings;
			sourceTree = "<group>";
		};
		AEE734B714287E530080490A /* MainWindow.xib */ = {
			isa = PBXVariantGroup;
			children = (
				AEE734B814287E530080490A /* en */,
			);
			name = MainWindow.xib;
			sourceTree = "<group>";
		};
		AEE734BD14287E530080490A /* RootViewController.xib */ = {
			isa = PBXVariantGroup;
			children = (
				AEE734BE14287E530080490A /* en */,
			);
			name = RootViewController.xib;
			sourceTree = "<group>";
		};
/* End PBXVariantGroup section */

/* Begin XCBuildConfiguration section */
		AEE734C014287E530080490A /* Debug */ = {
			isa = XCBuildConfiguration;
			buildSettings = {
				ALWAYS_SEARCH_USER_PATHS = NO;
				ARCHS = "$(ARCHS_STANDARD_32_BIT)";
				CODE_SIGN_IDENTITY = "iPhone Developer";
				"CODE_SIGN_IDENTITY[sdk=iphoneos*]" = "iPhone Developer";
				COPY_PHASE_STRIP = NO;
				GCC_C_LANGUAGE_STANDARD = gnu99;
				GCC_DYNAMIC_NO_PIC = NO;
				GCC_OPTIMIZATION_LEVEL = 0;
				GCC_PREPROCESSOR_DEFINITIONS = (
					"DEBUG=1",
					"$(inherited)",
				);
				GCC_SYMBOLS_PRIVATE_EXTERN = NO;
				GCC_VERSION = com.apple.compilers.llvmgcc42;
				GCC_WARN_ABOUT_MISSING_PROTOTYPES = YES;
				GCC_WARN_ABOUT_RETURN_TYPE = YES;
				GCC_WARN_UNUSED_VARIABLE = YES;
				IPHONEOS_DEPLOYMENT_TARGET = 4.2;
				PROVISIONING_PROFILE = "";
				SDKROOT = iphoneos;
			};
			name = Debug;
		};
		AEE734C114287E530080490A /* Release */ = {
			isa = XCBuildConfiguration;
			buildSettings = {
				ALWAYS_SEARCH_USER_PATHS = NO;
				ARCHS = "$(ARCHS_STANDARD_32_BIT)";
				CODE_SIGN_IDENTITY = "iPhone Developer";
				"CODE_SIGN_IDENTITY[sdk=iphoneos*]" = "iPhone Developer";
				COPY_PHASE_STRIP = YES;
				GCC_C_LANGUAGE_STANDARD = gnu99;
				GCC_VERSION = com.apple.compilers.llvmgcc42;
				GCC_WARN_ABOUT_MISSING_PROTOTYPES = YES;
				GCC_WARN_ABOUT_RETURN_TYPE = YES;
				GCC_WARN_UNUSED_VARIABLE = YES;
				IPHONEOS_DEPLOYMENT_TARGET = 4.2;
				OTHER_CFLAGS = "-DNS_BLOCK_ASSERTIONS=1";
				PROVISIONING_PROFILE = "";
				SDKROOT = iphoneos;
				VALIDATE_PRODUCT = YES;
			};
			name = Release;
		};
		AEE734C314287E530080490A /* Debug */ = {
			isa = XCBuildConfiguration;
			buildSettings = {
				GCC_PRECOMPILE_PREFIX_HEADER = YES;
				GCC_PREFIX_HEADER = "Macoun Demo1/Macoun Demo1-Prefix.pch";
				INFOPLIST_FILE = "Macoun Demo1/Macoun Demo1-Info.plist";
				IPHONEOS_DEPLOYMENT_TARGET = 4.2;
				PRODUCT_NAME = "Macoun Demo1";
				WRAPPER_EXTENSION = app;
			};
			name = Debug;
		};
		AEE734C414287E530080490A /* Release */ = {
			isa = XCBuildConfiguration;
			buildSettings = {
				GCC_PRECOMPILE_PREFIX_HEADER = YES;
				GCC_PREFIX_HEADER = "Macoun Demo1/Macoun Demo1-Prefix.pch";
				INFOPLIST_FILE = "Macoun Demo1/Macoun Demo1-Info.plist";
				IPHONEOS_DEPLOYMENT_TARGET = 4.2;
				PRODUCT_NAME = "Macoun Demo1";
				WRAPPER_EXTENSION = app;
			};
			name = Release;
		};
/* End XCBuildConfiguration section */

/* Begin XCConfigurationList section */
		AEE7349B14287E520080490A /* Build configuration list for PBXProject "Macoun Demo1" */ = {
			isa = XCConfigurationList;
			buildConfigurations = (
				AEE734C014287E530080490A /* Debug */,
				AEE734C114287E530080490A /* Release */,
			);
			defaultConfigurationIsVisible = 0;
			defaultConfigurationName = Release;
		};
		AEE734C214287E530080490A /* Build configuration list for PBXNativeTarget "Macoun Demo1" */ = {
			isa = XCConfigurationList;
			buildConfigurations = (
				AEE734C314287E530080490A /* Debug */,
				AEE734C414287E530080490A /* Release */,
			);
			defaultConfigurationIsVisible = 0;
			defaultConfigurationName = Release;
		};
/* End XCConfigurationList section */
	};
	rootObject = AEE7349814287E520080490A /* Project object */;
}
