// !$*UTF8*$!
{
	archiveVersion = 1;
	classes = {
	};
	objectVersion = 46;
	objects = {

/* Begin PBXBuildFile section */
		AEF340751431EEE100C1370D /* Connection.m in Sources */ = {isa = PBXBuildFile; fileRef = AEF340731431EEE100C1370D /* Connection.m */; };
		AEF9E3D714307D5C00CCAA24 /* Cocoa.framework in Frameworks */ = {isa = PBXBuildFile; fileRef = AEF9E3D614307D5C00CCAA24 /* Cocoa.framework */; };
		AEF9E3E114307D5C00CCAA24 /* InfoPlist.strings in Resources */ = {isa = PBXBuildFile; fileRef = AEF9E3DF14307D5C00CCAA24 /* InfoPlist.strings */; };
		AEF9E3E314307D5C00CCAA24 /* main.m in Sources */ = {isa = PBXBuildFile; fileRef = AEF9E3E214307D5C00CCAA24 /* main.m */; };
		AEF9E3E714307D5C00CCAA24 /* Credits.rtf in Resources */ = {isa = PBXBuildFile; fileRef = AEF9E3E514307D5C00CCAA24 /* Credits.rtf */; };
		AEF9E3EA14307D5C00CCAA24 /* Macoun_Bonjour_DemoAppDelegate.m in Sources */ = {isa = PBXBuildFile; fileRef = AEF9E3E914307D5C00CCAA24 /* Macoun_Bonjour_DemoAppDelegate.m */; };
		AEF9E3ED14307D5C00CCAA24 /* MainMenu.xib in Resources */ = {isa = PBXBuildFile; fileRef = AEF9E3EB14307D5C00CCAA24 /* MainMenu.xib */; };
		AEF9E4071430BDE000CCAA24 /* NDFileListController.m in Sources */ = {isa = PBXBuildFile; fileRef = AEF9E4051430BDDF00CCAA24 /* NDFileListController.m */; };
		AEF9E4081430BDE000CCAA24 /* NDFileListController.xib in Resources */ = {isa = PBXBuildFile; fileRef = AEF9E4061430BDDF00CCAA24 /* NDFileListController.xib */; };
/* End PBXBuildFile section */

/* Begin PBXFileReference section */
		AEF340721431EEE100C1370D /* Connection.h */ = {isa = PBXFileReference; fileEncoding = 4; lastKnownFileType = sourcecode.c.h; path = Connection.h; sourceTree = "<group>"; };
		AEF340731431EEE100C1370D /* Connection.m */ = {isa = PBXFileReference; fileEncoding = 4; lastKnownFileType = sourcecode.c.objc; path = Connection.m; sourceTree = "<group>"; };
		AEF340741431EEE100C1370D /* ConnectionDelegate.h */ = {isa = PBXFileReference; fileEncoding = 4; lastKnownFileType = sourcecode.c.h; path = ConnectionDelegate.h; sourceTree = "<group>"; };
		AEF9E3D214307D5C00CCAA24 /* Macoun Bonjour Demo.app */ = {isa = PBXFileReference; explicitFileType = wrapper.application; includeInIndex = 0; path = "Macoun Bonjour Demo.app"; sourceTree = BUILT_PRODUCTS_DIR; };
		AEF9E3D614307D5C00CCAA24 /* Cocoa.framework */ = {isa = PBXFileReference; lastKnownFileType = wrapper.framework; name = Cocoa.framework; path = System/Library/Frameworks/Cocoa.framework; sourceTree = SDKROOT; };
		AEF9E3D914307D5C00CCAA24 /* AppKit.framework */ = {isa = PBXFileReference; lastKnownFileType = wrapper.framework; name = AppKit.framework; path = System/Library/Frameworks/AppKit.framework; sourceTree = SDKROOT; };
		AEF9E3DA14307D5C00CCAA24 /* CoreData.framework */ = {isa = PBXFileReference; lastKnownFileType = wrapper.framework; name = CoreData.framework; path = System/Library/Frameworks/CoreData.framework; sourceTree = SDKROOT; };
		AEF9E3DB14307D5C00CCAA24 /* Foundation.framework */ = {isa = PBXFileReference; lastKnownFileType = wrapper.framework; name = Foundation.framework; path = System/Library/Frameworks/Foundation.framework; sourceTree = SDKROOT; };
		AEF9E3DE14307D5C00CCAA24 /* Macoun Bonjour Demo-Info.plist */ = {isa = PBXFileReference; lastKnownFileType = text.plist.xml; path = "Macoun Bonjour Demo-Info.plist"; sourceTree = "<group>"; };
		AEF9E3E014307D5C00CCAA24 /* en */ = {isa = PBXFileReference; lastKnownFileType = text.plist.strings; name = en; path = en.lproj/InfoPlist.strings; sourceTree = "<group>"; };
		AEF9E3E214307D5C00CCAA24 /* main.m */ = {isa = PBXFileReference; lastKnownFileType = sourcecode.c.objc; path = main.m; sourceTree = "<group>"; };
		AEF9E3E414307D5C00CCAA24 /* Macoun Bonjour Demo-Prefix.pch */ = {isa = PBXFileReference; lastKnownFileType = sourcecode.c.h; path = "Macoun Bonjour Demo-Prefix.pch"; sourceTree = "<group>"; };
		AEF9E3E614307D5C00CCAA24 /* en */ = {isa = PBXFileReference; lastKnownFileType = text.rtf; name = en; path = en.lproj/Credits.rtf; sourceTree = "<group>"; };
		AEF9E3E814307D5C00CCAA24 /* Macoun_Bonjour_DemoAppDelegate.h */ = {isa = PBXFileReference; lastKnownFileType = sourcecode.c.h; path = Macoun_Bonjour_DemoAppDelegate.h; sourceTree = "<group>"; };
		AEF9E3E914307D5C00CCAA24 /* Macoun_Bonjour_DemoAppDelegate.m */ = {isa = PBXFileReference; lastKnownFileType = sourcecode.c.objc; path = Macoun_Bonjour_DemoAppDelegate.m; sourceTree = "<group>"; };
		AEF9E3EC14307D5C00CCAA24 /* en */ = {isa = PBXFileReference; lastKnownFileType = file.xib; name = en; path = en.lproj/MainMenu.xib; sourceTree = "<group>"; };
		AEF9E4041430BDDF00CCAA24 /* NDFileListController.h */ = {isa = PBXFileReference; fileEncoding = 4; lastKnownFileType = sourcecode.c.h; path = NDFileListController.h; sourceTree = "<group>"; };
		AEF9E4051430BDDF00CCAA24 /* NDFileListController.m */ = {isa = PBXFileReference; fileEncoding = 4; lastKnownFileType = sourcecode.c.objc; path = NDFileListController.m; sourceTree = "<group>"; };
		AEF9E4061430BDDF00CCAA24 /* NDFileListController.xib */ = {isa = PBXFileReference; fileEncoding = 4; lastKnownFileType = file.xib; path = NDFileListController.xib; sourceTree = "<group>"; };
/* End PBXFileReference section */

/* Begin PBXFrameworksBuildPhase section */
		AEF9E3CF14307D5C00CCAA24 /* Frameworks */ = {
			isa = PBXFrameworksBuildPhase;
			buildActionMask = 2147483647;
			files = (
				AEF9E3D714307D5C00CCAA24 /* Cocoa.framework in Frameworks */,
			);
			runOnlyForDeploymentPostprocessing = 0;
		};
/* End PBXFrameworksBuildPhase section */

/* Begin PBXGroup section */
		AEF9E3C714307D5C00CCAA24 = {
			isa = PBXGroup;
			children = (
				AEF9E3DC14307D5C00CCAA24 /* Macoun Bonjour Demo */,
				AEF9E3D514307D5C00CCAA24 /* Frameworks */,
				AEF9E3D314307D5C00CCAA24 /* Products */,
			);
			sourceTree = "<group>";
			wrapsLines = 1;
		};
		AEF9E3D314307D5C00CCAA24 /* Products */ = {
			isa = PBXGroup;
			children = (
				AEF9E3D214307D5C00CCAA24 /* Macoun Bonjour Demo.app */,
			);
			name = Products;
			sourceTree = "<group>";
		};
		AEF9E3D514307D5C00CCAA24 /* Frameworks */ = {
			isa = PBXGroup;
			children = (
				AEF9E3D614307D5C00CCAA24 /* Cocoa.framework */,
				AEF9E3D814307D5C00CCAA24 /* Other Frameworks */,
			);
			name = Frameworks;
			sourceTree = "<group>";
		};
		AEF9E3D814307D5C00CCAA24 /* Other Frameworks */ = {
			isa = PBXGroup;
			children = (
				AEF9E3D914307D5C00CCAA24 /* AppKit.framework */,
				AEF9E3DA14307D5C00CCAA24 /* CoreData.framework */,
				AEF9E3DB14307D5C00CCAA24 /* Foundation.framework */,
			);
			name = "Other Frameworks";
			sourceTree = "<group>";
		};
		AEF9E3DC14307D5C00CCAA24 /* Macoun Bonjour Demo */ = {
			isa = PBXGroup;
			children = (
				AEF340721431EEE100C1370D /* Connection.h */,
				AEF340731431EEE100C1370D /* Connection.m */,
				AEF340741431EEE100C1370D /* ConnectionDelegate.h */,
				AEF9E3E814307D5C00CCAA24 /* Macoun_Bonjour_DemoAppDelegate.h */,
				AEF9E3E914307D5C00CCAA24 /* Macoun_Bonjour_DemoAppDelegate.m */,
				AEF9E3EB14307D5C00CCAA24 /* MainMenu.xib */,
				AEF9E4041430BDDF00CCAA24 /* NDFileListController.h */,
				AEF9E4051430BDDF00CCAA24 /* NDFileListController.m */,
				AEF9E4061430BDDF00CCAA24 /* NDFileListController.xib */,
				AEF9E3DD14307D5C00CCAA24 /* Supporting Files */,
			);
			path = "Macoun Bonjour Demo";
			sourceTree = "<group>";
		};
		AEF9E3DD14307D5C00CCAA24 /* Supporting Files */ = {
			isa = PBXGroup;
			children = (
				AEF9E3DE14307D5C00CCAA24 /* Macoun Bonjour Demo-Info.plist */,
				AEF9E3DF14307D5C00CCAA24 /* InfoPlist.strings */,
				AEF9E3E214307D5C00CCAA24 /* main.m */,
				AEF9E3E414307D5C00CCAA24 /* Macoun Bonjour Demo-Prefix.pch */,
				AEF9E3E514307D5C00CCAA24 /* Credits.rtf */,
			);
			name = "Supporting Files";
			sourceTree = "<group>";
		};
/* End PBXGroup section */

/* Begin PBXNativeTarget section */
		AEF9E3D114307D5C00CCAA24 /* Macoun Bonjour Demo */ = {
			isa = PBXNativeTarget;
			buildConfigurationList = AEF9E3F014307D5C00CCAA24 /* Build configuration list for PBXNativeTarget "Macoun Bonjour Demo" */;
			buildPhases = (
				AEF9E3CE14307D5C00CCAA24 /* Sources */,
				AEF9E3CF14307D5C00CCAA24 /* Frameworks */,
				AEF9E3D014307D5C00CCAA24 /* Resources */,
			);
			buildRules = (
			);
			dependencies = (
			);
			name = "Macoun Bonjour Demo";
			productName = "Macoun Bonjour Demo";
			productReference = AEF9E3D214307D5C00CCAA24 /* Macoun Bonjour Demo.app */;
			productType = "com.apple.product-type.application";
		};
/* End PBXNativeTarget section */

/* Begin PBXProject section */
		AEF9E3C914307D5C00CCAA24 /* Project object */ = {
			isa = PBXProject;
			attributes = {
				LastUpgradeCheck = 0420;
				ORGANIZATIONNAME = "West-Forest-Systems";
			};
			buildConfigurationList = AEF9E3CC14307D5C00CCAA24 /* Build configuration list for PBXProject "Macoun Bonjour Demo" */;
			compatibilityVersion = "Xcode 3.2";
			developmentRegion = English;
			hasScannedForEncodings = 0;
			knownRegions = (
				en,
			);
			mainGroup = AEF9E3C714307D5C00CCAA24;
			productRefGroup = AEF9E3D314307D5C00CCAA24 /* Products */;
			projectDirPath = "";
			projectRoot = "";
			targets = (
				AEF9E3D114307D5C00CCAA24 /* Macoun Bonjour Demo */,
			);
		};
/* End PBXProject section */

/* Begin PBXResourcesBuildPhase section */
		AEF9E3D014307D5C00CCAA24 /* Resources */ = {
			isa = PBXResourcesBuildPhase;
			buildActionMask = 2147483647;
			files = (
				AEF9E3E114307D5C00CCAA24 /* InfoPlist.strings in Resources */,
				AEF9E3E714307D5C00CCAA24 /* Credits.rtf in Resources */,
				AEF9E3ED14307D5C00CCAA24 /* MainMenu.xib in Resources */,
				AEF9E4081430BDE000CCAA24 /* NDFileListController.xib in Resources */,
			);
			runOnlyForDeploymentPostprocessing = 0;
		};
/* End PBXResourcesBuildPhase section */

/* Begin PBXSourcesBuildPhase section */
		AEF9E3CE14307D5C00CCAA24 /* Sources */ = {
			isa = PBXSourcesBuildPhase;
			buildActionMask = 2147483647;
			files = (
				AEF9E3E314307D5C00CCAA24 /* main.m in Sources */,
				AEF9E3EA14307D5C00CCAA24 /* Macoun_Bonjour_DemoAppDelegate.m in Sources */,
				AEF9E4071430BDE000CCAA24 /* NDFileListController.m in Sources */,
				AEF340751431EEE100C1370D /* Connection.m in Sources */,
			);
			runOnlyForDeploymentPostprocessing = 0;
		};
/* End PBXSourcesBuildPhase section */

/* Begin PBXVariantGroup section */
		AEF9E3DF14307D5C00CCAA24 /* InfoPlist.strings */ = {
			isa = PBXVariantGroup;
			children = (
				AEF9E3E014307D5C00CCAA24 /* en */,
			);
			name = InfoPlist.strings;
			sourceTree = "<group>";
		};
		AEF9E3E514307D5C00CCAA24 /* Credits.rtf */ = {
			isa = PBXVariantGroup;
			children = (
				AEF9E3E614307D5C00CCAA24 /* en */,
			);
			name = Credits.rtf;
			sourceTree = "<group>";
		};
		AEF9E3EB14307D5C00CCAA24 /* MainMenu.xib */ = {
			isa = PBXVariantGroup;
			children = (
				AEF9E3EC14307D5C00CCAA24 /* en */,
			);
			name = MainMenu.xib;
			sourceTree = "<group>";
		};
/* End PBXVariantGroup section */

/* Begin XCBuildConfiguration section */
		AEF9E3EE14307D5C00CCAA24 /* Debug */ = {
			isa = XCBuildConfiguration;
			buildSettings = {
				ALWAYS_SEARCH_USER_PATHS = NO;
				ARCHS = "$(ARCHS_STANDARD_64_BIT)";
				COPY_PHASE_STRIP = NO;
				GCC_C_LANGUAGE_STANDARD = gnu99;
				GCC_DYNAMIC_NO_PIC = NO;
				GCC_ENABLE_OBJC_EXCEPTIONS = YES;
				GCC_OPTIMIZATION_LEVEL = 0;
				GCC_PREPROCESSOR_DEFINITIONS = (
					"DEBUG=1",
					"$(inherited)",
				);
				GCC_SYMBOLS_PRIVATE_EXTERN = NO;
				GCC_VERSION = com.apple.compilers.llvm.clang.1_0;
				GCC_WARN_64_TO_32_BIT_CONVERSION = YES;
				GCC_WARN_ABOUT_MISSING_PROTOTYPES = YES;
				GCC_WARN_ABOUT_RETURN_TYPE = YES;
				GCC_WARN_UNUSED_VARIABLE = YES;
				MACOSX_DEPLOYMENT_TARGET = 10.6;
				ONLY_ACTIVE_ARCH = YES;
				SDKROOT = macosx;
			};
			name = Debug;
		};
		AEF9E3EF14307D5C00CCAA24 /* Release */ = {
			isa = XCBuildConfiguration;
			buildSettings = {
				ALWAYS_SEARCH_USER_PATHS = NO;
				ARCHS = "$(ARCHS_STANDARD_64_BIT)";
				COPY_PHASE_STRIP = YES;
				DEBUG_INFORMATION_FORMAT = "dwarf-with-dsym";
				GCC_C_LANGUAGE_STANDARD = gnu99;
				GCC_ENABLE_OBJC_EXCEPTIONS = YES;
				GCC_VERSION = com.apple.compilers.llvm.clang.1_0;
				GCC_WARN_64_TO_32_BIT_CONVERSION = YES;
				GCC_WARN_ABOUT_MISSING_PROTOTYPES = YES;
				GCC_WARN_ABOUT_RETURN_TYPE = YES;
				GCC_WARN_UNUSED_VARIABLE = YES;
				MACOSX_DEPLOYMENT_TARGET = 10.6;
				SDKROOT = macosx;
			};
			name = Release;
		};
		AEF9E3F114307D5C00CCAA24 /* Debug */ = {
			isa = XCBuildConfiguration;
			buildSettings = {
				GCC_PRECOMPILE_PREFIX_HEADER = YES;
				GCC_PREFIX_HEADER = "Macoun Bonjour Demo/Macoun Bonjour Demo-Prefix.pch";
				INFOPLIST_FILE = "Macoun Bonjour Demo/Macoun Bonjour Demo-Info.plist";
				PRODUCT_NAME = "$(TARGET_NAME)";
				WRAPPER_EXTENSION = app;
			};
			name = Debug;
		};
		AEF9E3F214307D5C00CCAA24 /* Release */ = {
			isa = XCBuildConfiguration;
			buildSettings = {
				GCC_PRECOMPILE_PREFIX_HEADER = YES;
				GCC_PREFIX_HEADER = "Macoun Bonjour Demo/Macoun Bonjour Demo-Prefix.pch";
				INFOPLIST_FILE = "Macoun Bonjour Demo/Macoun Bonjour Demo-Info.plist";
				PRODUCT_NAME = "$(TARGET_NAME)";
				WRAPPER_EXTENSION = app;
			};
			name = Release;
		};
/* End XCBuildConfiguration section */

/* Begin XCConfigurationList section */
		AEF9E3CC14307D5C00CCAA24 /* Build configuration list for PBXProject "Macoun Bonjour Demo" */ = {
			isa = XCConfigurationList;
			buildConfigurations = (
				AEF9E3EE14307D5C00CCAA24 /* Debug */,
				AEF9E3EF14307D5C00CCAA24 /* Release */,
			);
			defaultConfigurationIsVisible = 0;
			defaultConfigurationName = Release;
		};
		AEF9E3F014307D5C00CCAA24 /* Build configuration list for PBXNativeTarget "Macoun Bonjour Demo" */ = {
			isa = XCConfigurationList;
			buildConfigurations = (
				AEF9E3F114307D5C00CCAA24 /* Debug */,
				AEF9E3F214307D5C00CCAA24 /* Release */,
			);
			defaultConfigurationIsVisible = 0;
			defaultConfigurationName = Release;
		};
/* End XCConfigurationList section */
	};
	rootObject = AEF9E3C914307D5C00CCAA24 /* Project object */;
}
